
Microsoft Visual Studio Solution File, Format Version 12.00
# Visual Studio Version 17
VisualStudioVersion = 17.0.31912.275
MinimumVisualStudioVersion = 10.0.40219.1
Project("{9A19103F-16F7-4668-BE54-9A1E7A4F7556}") = "CodingRange", "CodingRange.csproj", "{624C8B19-9BE1-4A54-9C34-4A4ABB977531}"
EndProject
Project("{2150E333-8FDC-42A3-9474-1A3956D46DE8}") = "Solution Items", "Solution Items", "{CF598812-18E6-4E75-A35C-BC7A4885CF5B}"
	ProjectSection(SolutionItems) = preProject
		.editorconfig = .editorconfig
	EndProjectSection
EndProject
Global
	GlobalSection(SolutionConfigurationPlatforms) = preSolution
		Debug|Any CPU = Debug|Any CPU
		Release|Any CPU = Release|Any CPU
	EndGlobalSection
	GlobalSection(ProjectConfigurationPlatforms) = postSolution
		{624C8B19-9BE1-4A54-9C34-4A4ABB977531}.Debug|Any CPU.ActiveCfg = Debug|Any CPU
		{624C8B19-9BE1-4A54-9C34-4A4ABB977531}.Debug|Any CPU.Build.0 = Debug|Any CPU
		{624C8B19-9BE1-4A54-9C34-4A4ABB977531}.Release|Any CPU.ActiveCfg = Release|Any CPU
		{624C8B19-9BE1-4A54-9C34-4A4ABB977531}.Release|Any CPU.Build.0 = Release|Any CPU
	EndGlobalSection
	GlobalSection(SolutionProperties) = preSolution
		HideSolutionNode = FALSE
	EndGlobalSection
	GlobalSection(ExtensibilityGlobals) = postSolution
		SolutionGuid = {D5367298-BBD7-4F5B-B6FB-3F3904921F05}
	EndGlobalSection
EndGlobal
